# This file is generated by running "yarn install" inside your project.
# Manual changes might be lost - proceed with caution!

__metadata:
  version: 6
  cacheKey: 8

"kafkajs@npm:^2.1.0":
  version: 2.1.0
  resolution: "kafkajs@npm:2.1.0"
  checksum: b751b06f8005ac9ff192d98306f59c6ae018ce09acc0f959dfbfd4fbb4731fe7dfd42de0c3592d45a6b66b6d5caa40926673a02eb764b701c2953ea203ced60c
  languageName: node
  linkType: hard

"root-workspace-0b6124@workspace:.":
  version: 0.0.0-use.local
  resolution: "root-workspace-0b6124@workspace:."
  dependencies:
    kafkajs: ^2.1.0
  languageName: unknown
  linkType: soft
